// !$*UTF8*$!
{
	archiveVersion = 1;
	classes = {
	};
	objectVersion = 56;
	objects = {

/* Begin PBXBuildFile section */
		07238D9729CA2D93004BC96B /* AddReviewViewController.swift in Sources */ = {isa = PBXBuildFile; fileRef = 07238D9629CA2D93004BC96B /* AddReviewViewController.swift */; };
		078566A929C3F64E00BC1134 /* AppDelegate.swift in Sources */ = {isa = PBXBuildFile; fileRef = 078566A829C3F64E00BC1134 /* AppDelegate.swift */; };
		078566AB29C3F64E00BC1134 /* SceneDelegate.swift in Sources */ = {isa = PBXBuildFile; fileRef = 078566AA29C3F64E00BC1134 /* SceneDelegate.swift */; };
		078566AD29C3F64E00BC1134 /* ViewController.swift in Sources */ = {isa = PBXBuildFile; fileRef = 078566AC29C3F64E00BC1134 /* ViewController.swift */; };
		078566B029C3F64E00BC1134 /* Main.storyboard in Resources */ = {isa = PBXBuildFile; fileRef = 078566AE29C3F64E00BC1134 /* Main.storyboard */; };
		078566B329C3F64E00BC1134 /* Viajerum.xcdatamodeld in Sources */ = {isa = PBXBuildFile; fileRef = 078566B129C3F64E00BC1134 /* Viajerum.xcdatamodeld */; };
		078566B529C3F64F00BC1134 /* Assets.xcassets in Resources */ = {isa = PBXBuildFile; fileRef = 078566B429C3F64F00BC1134 /* Assets.xcassets */; };
		078566B829C3F64F00BC1134 /* LaunchScreen.storyboard in Resources */ = {isa = PBXBuildFile; fileRef = 078566B629C3F64F00BC1134 /* LaunchScreen.storyboard */; };
		078566C429C400F900BC1134 /* AuthViewController.swift in Sources */ = {isa = PBXBuildFile; fileRef = 078566C329C400F900BC1134 /* AuthViewController.swift */; };
		078566C829C4053A00BC1134 /* WorkSans-Regular.ttf in Resources */ = {isa = PBXBuildFile; fileRef = 078566C729C4053A00BC1134 /* WorkSans-Regular.ttf */; };
		078566CA29C40A5F00BC1134 /* tilwrap.ttf in Resources */ = {isa = PBXBuildFile; fileRef = 078566C929C40A5F00BC1134 /* tilwrap.ttf */; };
		078566CC29C40C7500BC1134 /* LoginViewController.swift in Sources */ = {isa = PBXBuildFile; fileRef = 078566CB29C40C7500BC1134 /* LoginViewController.swift */; };
		078566CE29C414AE00BC1134 /* RegisterViewController.swift in Sources */ = {isa = PBXBuildFile; fileRef = 078566CD29C414AE00BC1134 /* RegisterViewController.swift */; };
		078566D029C4193400BC1134 /* GenericModel.swift in Sources */ = {isa = PBXBuildFile; fileRef = 078566CF29C4193400BC1134 /* GenericModel.swift */; };
		078566D929C4FDF500BC1134 /* KeyChain.swift in Sources */ = {isa = PBXBuildFile; fileRef = 078566D829C4FDF500BC1134 /* KeyChain.swift */; };
		078566E129C510BA00BC1134 /* HomeViewController.swift in Sources */ = {isa = PBXBuildFile; fileRef = 078566E029C510BA00BC1134 /* HomeViewController.swift */; };
		078566E329C5169D00BC1134 /* LoaderButton.swift in Sources */ = {isa = PBXBuildFile; fileRef = 078566E229C5169D00BC1134 /* LoaderButton.swift */; };
		078566F029C5355900BC1134 /* HorizontalCollectionViewCell.swift in Sources */ = {isa = PBXBuildFile; fileRef = 078566EE29C5355900BC1134 /* HorizontalCollectionViewCell.swift */; };
		078566F129C5355900BC1134 /* HorizontalCollectionViewCell.xib in Resources */ = {isa = PBXBuildFile; fileRef = 078566EF29C5355900BC1134 /* HorizontalCollectionViewCell.xib */; };
		079902F429C6A04500E26CAB /* PlaceViewController.swift in Sources */ = {isa = PBXBuildFile; fileRef = 079902F329C6A04500E26CAB /* PlaceViewController.swift */; };
		079902F729C6A2CA00E26CAB /* ReviewTableViewCell.swift in Sources */ = {isa = PBXBuildFile; fileRef = 079902F529C6A2CA00E26CAB /* ReviewTableViewCell.swift */; };
		079902F829C6A2CA00E26CAB /* ReviewTableViewCell.xib in Resources */ = {isa = PBXBuildFile; fileRef = 079902F629C6A2CA00E26CAB /* ReviewTableViewCell.xib */; };
		079902FA29C6DA5A00E26CAB /* HideKeyboard.swift in Sources */ = {isa = PBXBuildFile; fileRef = 079902F929C6DA5A00E26CAB /* HideKeyboard.swift */; };
		07A4D95529CB85D20040ABCE /* Network.framework in Frameworks */ = {isa = PBXBuildFile; fileRef = 07A4D95429CB85D20040ABCE /* Network.framework */; };
		07A4D95729CB86240040ABCE /* WebKit.framework in Frameworks */ = {isa = PBXBuildFile; fileRef = 07A4D95629CB86240040ABCE /* WebKit.framework */; };
		07B9A3F829C569B40066A02B /* VerticalTableViewCell.swift in Sources */ = {isa = PBXBuildFile; fileRef = 07B9A3F629C569B40066A02B /* VerticalTableViewCell.swift */; };
		07B9A3F929C569B40066A02B /* VerticalTableViewCell.xib in Resources */ = {isa = PBXBuildFile; fileRef = 07B9A3F729C569B40066A02B /* VerticalTableViewCell.xib */; };
		07F3741929CA1D11008D0342 /* Cosmos in Frameworks */ = {isa = PBXBuildFile; productRef = 07F3741829CA1D11008D0342 /* Cosmos */; };
/* End PBXBuildFile section */

/* Begin PBXFileReference section */
		07238D9629CA2D93004BC96B /* AddReviewViewController.swift */ = {isa = PBXFileReference; lastKnownFileType = sourcecode.swift; path = AddReviewViewController.swift; sourceTree = "<group>"; };
		078566A529C3F64E00BC1134 /* Viajerum.app */ = {isa = PBXFileReference; explicitFileType = wrapper.application; includeInIndex = 0; path = Viajerum.app; sourceTree = BUILT_PRODUCTS_DIR; };
		078566A829C3F64E00BC1134 /* AppDelegate.swift */ = {isa = PBXFileReference; lastKnownFileType = sourcecode.swift; path = AppDelegate.swift; sourceTree = "<group>"; };
		078566AA29C3F64E00BC1134 /* SceneDelegate.swift */ = {isa = PBXFileReference; lastKnownFileType = sourcecode.swift; path = SceneDelegate.swift; sourceTree = "<group>"; };
		078566AC29C3F64E00BC1134 /* ViewController.swift */ = {isa = PBXFileReference; lastKnownFileType = sourcecode.swift; path = ViewController.swift; sourceTree = "<group>"; };
		078566AF29C3F64E00BC1134 /* Base */ = {isa = PBXFileReference; lastKnownFileType = file.storyboard; name = Base; path = Base.lproj/Main.storyboard; sourceTree = "<group>"; };
		078566B229C3F64E00BC1134 /* Viajerum.xcdatamodel */ = {isa = PBXFileReference; lastKnownFileType = wrapper.xcdatamodel; path = Viajerum.xcdatamodel; sourceTree = "<group>"; };
		078566B429C3F64F00BC1134 /* Assets.xcassets */ = {isa = PBXFileReference; lastKnownFileType = folder.assetcatalog; path = Assets.xcassets; sourceTree = "<group>"; };
		078566B729C3F64F00BC1134 /* Base */ = {isa = PBXFileReference; lastKnownFileType = file.storyboard; name = Base; path = Base.lproj/LaunchScreen.storyboard; sourceTree = "<group>"; };
		078566B929C3F64F00BC1134 /* Info.plist */ = {isa = PBXFileReference; lastKnownFileType = text.plist.xml; path = Info.plist; sourceTree = "<group>"; };
		078566C329C400F900BC1134 /* AuthViewController.swift */ = {isa = PBXFileReference; lastKnownFileType = sourcecode.swift; path = AuthViewController.swift; sourceTree = "<group>"; };
		078566C729C4053A00BC1134 /* WorkSans-Regular.ttf */ = {isa = PBXFileReference; lastKnownFileType = file; path = "WorkSans-Regular.ttf"; sourceTree = "<group>"; };
		078566C929C40A5F00BC1134 /* tilwrap.ttf */ = {isa = PBXFileReference; lastKnownFileType = file; path = tilwrap.ttf; sourceTree = "<group>"; };
		078566CB29C40C7500BC1134 /* LoginViewController.swift */ = {isa = PBXFileReference; lastKnownFileType = sourcecode.swift; path = LoginViewController.swift; sourceTree = "<group>"; };
		078566CD29C414AE00BC1134 /* RegisterViewController.swift */ = {isa = PBXFileReference; lastKnownFileType = sourcecode.swift; path = RegisterViewController.swift; sourceTree = "<group>"; };
		078566CF29C4193400BC1134 /* GenericModel.swift */ = {isa = PBXFileReference; lastKnownFileType = sourcecode.swift; path = GenericModel.swift; sourceTree = "<group>"; };
		078566D829C4FDF500BC1134 /* KeyChain.swift */ = {isa = PBXFileReference; lastKnownFileType = sourcecode.swift; path = KeyChain.swift; sourceTree = "<group>"; };
		078566E029C510BA00BC1134 /* HomeViewController.swift */ = {isa = PBXFileReference; lastKnownFileType = sourcecode.swift; path = HomeViewController.swift; sourceTree = "<group>"; };
		078566E229C5169D00BC1134 /* LoaderButton.swift */ = {isa = PBXFileReference; lastKnownFileType = sourcecode.swift; path = LoaderButton.swift; sourceTree = "<group>"; };
		078566EE29C5355900BC1134 /* HorizontalCollectionViewCell.swift */ = {isa = PBXFileReference; lastKnownFileType = sourcecode.swift; path = HorizontalCollectionViewCell.swift; sourceTree = "<group>"; };
		078566EF29C5355900BC1134 /* HorizontalCollectionViewCell.xib */ = {isa = PBXFileReference; lastKnownFileType = file.xib; path = HorizontalCollectionViewCell.xib; sourceTree = "<group>"; };
		079902F329C6A04500E26CAB /* PlaceViewController.swift */ = {isa = PBXFileReference; lastKnownFileType = sourcecode.swift; path = PlaceViewController.swift; sourceTree = "<group>"; };
		079902F529C6A2CA00E26CAB /* ReviewTableViewCell.swift */ = {isa = PBXFileReference; lastKnownFileType = sourcecode.swift; path = ReviewTableViewCell.swift; sourceTree = "<group>"; };
		079902F629C6A2CA00E26CAB /* ReviewTableViewCell.xib */ = {isa = PBXFileReference; lastKnownFileType = file.xib; path = ReviewTableViewCell.xib; sourceTree = "<group>"; };
		079902F929C6DA5A00E26CAB /* HideKeyboard.swift */ = {isa = PBXFileReference; lastKnownFileType = sourcecode.swift; path = HideKeyboard.swift; sourceTree = "<group>"; };
		07A4D95429CB85D20040ABCE /* Network.framework */ = {isa = PBXFileReference; lastKnownFileType = wrapper.framework; name = Network.framework; path = System/Library/Frameworks/Network.framework; sourceTree = SDKROOT; };
		07A4D95629CB86240040ABCE /* WebKit.framework */ = {isa = PBXFileReference; lastKnownFileType = wrapper.framework; name = WebKit.framework; path = System/Library/Frameworks/WebKit.framework; sourceTree = SDKROOT; };
		07B9A3F629C569B40066A02B /* VerticalTableViewCell.swift */ = {isa = PBXFileReference; lastKnownFileType = sourcecode.swift; path = VerticalTableViewCell.swift; sourceTree = "<group>"; };
		07B9A3F729C569B40066A02B /* VerticalTableViewCell.xib */ = {isa = PBXFileReference; lastKnownFileType = file.xib; path = VerticalTableViewCell.xib; sourceTree = "<group>"; };
/* End PBXFileReference section */

/* Begin PBXFrameworksBuildPhase section */
		078566A229C3F64E00BC1134 /* Frameworks */ = {
			isa = PBXFrameworksBuildPhase;
			buildActionMask = 2147483647;
			files = (
				07F3741929CA1D11008D0342 /* Cosmos in Frameworks */,
				07A4D95529CB85D20040ABCE /* Network.framework in Frameworks */,
				07A4D95729CB86240040ABCE /* WebKit.framework in Frameworks */,
			);
			runOnlyForDeploymentPostprocessing = 0;
		};
/* End PBXFrameworksBuildPhase section */

/* Begin PBXGroup section */
		0785669C29C3F64E00BC1134 = {
			isa = PBXGroup;
			children = (
				078566A729C3F64E00BC1134 /* Viajerum */,
				078566A629C3F64E00BC1134 /* Products */,
				07A4D95329CB85D20040ABCE /* Frameworks */,
			);
			sourceTree = "<group>";
		};
		078566A629C3F64E00BC1134 /* Products */ = {
			isa = PBXGroup;
			children = (
				078566A529C3F64E00BC1134 /* Viajerum.app */,
			);
			name = Products;
			sourceTree = "<group>";
		};
		078566A729C3F64E00BC1134 /* Viajerum */ = {
			isa = PBXGroup;
			children = (
				078566D729C4FDE100BC1134 /* Helpers */,
				078566C529C402D400BC1134 /* Fonts */,
				078566C229C400E000BC1134 /* Controllers */,
				078566BF29C400BC00BC1134 /* Models */,
				078566A829C3F64E00BC1134 /* AppDelegate.swift */,
				078566AA29C3F64E00BC1134 /* SceneDelegate.swift */,
				078566AC29C3F64E00BC1134 /* ViewController.swift */,
				078566AE29C3F64E00BC1134 /* Main.storyboard */,
				078566B429C3F64F00BC1134 /* Assets.xcassets */,
				078566B629C3F64F00BC1134 /* LaunchScreen.storyboard */,
				078566B929C3F64F00BC1134 /* Info.plist */,
				078566B129C3F64E00BC1134 /* Viajerum.xcdatamodeld */,
				078566E229C5169D00BC1134 /* LoaderButton.swift */,
				078566EE29C5355900BC1134 /* HorizontalCollectionViewCell.swift */,
				078566EF29C5355900BC1134 /* HorizontalCollectionViewCell.xib */,
				07B9A3F629C569B40066A02B /* VerticalTableViewCell.swift */,
				07B9A3F729C569B40066A02B /* VerticalTableViewCell.xib */,
				079902F529C6A2CA00E26CAB /* ReviewTableViewCell.swift */,
				079902F629C6A2CA00E26CAB /* ReviewTableViewCell.xib */,
			);
			path = Viajerum;
			sourceTree = "<group>";
		};
		078566BF29C400BC00BC1134 /* Models */ = {
			isa = PBXGroup;
			children = (
				078566CF29C4193400BC1134 /* GenericModel.swift */,
			);
			path = Models;
			sourceTree = "<group>";
		};
		078566C229C400E000BC1134 /* Controllers */ = {
			isa = PBXGroup;
			children = (
				078566C329C400F900BC1134 /* AuthViewController.swift */,
				078566CB29C40C7500BC1134 /* LoginViewController.swift */,
				078566CD29C414AE00BC1134 /* RegisterViewController.swift */,
				078566E029C510BA00BC1134 /* HomeViewController.swift */,
				079902F329C6A04500E26CAB /* PlaceViewController.swift */,
				07238D9629CA2D93004BC96B /* AddReviewViewController.swift */,
			);
			path = Controllers;
			sourceTree = "<group>";
		};
		078566C529C402D400BC1134 /* Fonts */ = {
			isa = PBXGroup;
			children = (
				078566C929C40A5F00BC1134 /* tilwrap.ttf */,
				078566C729C4053A00BC1134 /* WorkSans-Regular.ttf */,
			);
			path = Fonts;
			sourceTree = "<group>";
		};
		078566D729C4FDE100BC1134 /* Helpers */ = {
			isa = PBXGroup;
			children = (
				078566D829C4FDF500BC1134 /* KeyChain.swift */,
				079902F929C6DA5A00E26CAB /* HideKeyboard.swift */,
			);
			path = Helpers;
			sourceTree = "<group>";
		};
		07A4D95329CB85D20040ABCE /* Frameworks */ = {
			isa = PBXGroup;
			children = (
				07A4D95629CB86240040ABCE /* WebKit.framework */,
				07A4D95429CB85D20040ABCE /* Network.framework */,
			);
			name = Frameworks;
			sourceTree = "<group>";
		};
/* End PBXGroup section */

/* Begin PBXNativeTarget section */
		078566A429C3F64E00BC1134 /* Viajerum */ = {
			isa = PBXNativeTarget;
			buildConfigurationList = 078566BC29C3F64F00BC1134 /* Build configuration list for PBXNativeTarget "Viajerum" */;
			buildPhases = (
				078566A129C3F64E00BC1134 /* Sources */,
				078566A229C3F64E00BC1134 /* Frameworks */,
				078566A329C3F64E00BC1134 /* Resources */,
			);
			buildRules = (
			);
			dependencies = (
			);
			name = Viajerum;
			packageProductDependencies = (
				07F3741829CA1D11008D0342 /* Cosmos */,
			);
			productName = Viajerum;
			productReference = 078566A529C3F64E00BC1134 /* Viajerum.app */;
			productType = "com.apple.product-type.application";
		};
/* End PBXNativeTarget section */

/* Begin PBXProject section */
		0785669D29C3F64E00BC1134 /* Project object */ = {
			isa = PBXProject;
			attributes = {
				BuildIndependentTargetsInParallel = 1;
				LastSwiftUpdateCheck = 1420;
				LastUpgradeCheck = 1420;
				TargetAttributes = {
					078566A429C3F64E00BC1134 = {
						CreatedOnToolsVersion = 14.2;
					};
				};
			};
			buildConfigurationList = 078566A029C3F64E00BC1134 /* Build configuration list for PBXProject "Viajerum" */;
			compatibilityVersion = "Xcode 14.0";
			developmentRegion = en;
			hasScannedForEncodings = 0;
			knownRegions = (
				en,
				Base,
			);
			mainGroup = 0785669C29C3F64E00BC1134;
			packageReferences = (
				07F3741729CA1D11008D0342 /* XCRemoteSwiftPackageReference "Cosmos" */,
			);
			productRefGroup = 078566A629C3F64E00BC1134 /* Products */;
			projectDirPath = "";
			projectRoot = "";
			targets = (
				078566A429C3F64E00BC1134 /* Viajerum */,
			);
		};
/* End PBXProject section */

/* Begin PBXResourcesBuildPhase section */
		078566A329C3F64E00BC1134 /* Resources */ = {
			isa = PBXResourcesBuildPhase;
			buildActionMask = 2147483647;
			files = (
				078566CA29C40A5F00BC1134 /* tilwrap.ttf in Resources */,
				078566B829C3F64F00BC1134 /* LaunchScreen.storyboard in Resources */,
				078566B529C3F64F00BC1134 /* Assets.xcassets in Resources */,
				078566F129C5355900BC1134 /* HorizontalCollectionViewCell.xib in Resources */,
				078566B029C3F64E00BC1134 /* Main.storyboard in Resources */,
				079902F829C6A2CA00E26CAB /* ReviewTableViewCell.xib in Resources */,
				078566C829C4053A00BC1134 /* WorkSans-Regular.ttf in Resources */,
				07B9A3F929C569B40066A02B /* VerticalTableViewCell.xib in Resources */,
			);
			runOnlyForDeploymentPostprocessing = 0;
		};
/* End PBXResourcesBuildPhase section */

/* Begin PBXSourcesBuildPhase section */
		078566A129C3F64E00BC1134 /* Sources */ = {
			isa = PBXSourcesBuildPhase;
			buildActionMask = 2147483647;
			files = (
				078566CC29C40C7500BC1134 /* LoginViewController.swift in Sources */,
				078566B329C3F64E00BC1134 /* Viajerum.xcdatamodeld in Sources */,
				078566E329C5169D00BC1134 /* LoaderButton.swift in Sources */,
				078566CE29C414AE00BC1134 /* RegisterViewController.swift in Sources */,
				07238D9729CA2D93004BC96B /* AddReviewViewController.swift in Sources */,
				078566D029C4193400BC1134 /* GenericModel.swift in Sources */,
				078566AD29C3F64E00BC1134 /* ViewController.swift in Sources */,
				078566C429C400F900BC1134 /* AuthViewController.swift in Sources */,
				079902F729C6A2CA00E26CAB /* ReviewTableViewCell.swift in Sources */,
				079902FA29C6DA5A00E26CAB /* HideKeyboard.swift in Sources */,
				078566A929C3F64E00BC1134 /* AppDelegate.swift in Sources */,
				078566D929C4FDF500BC1134 /* KeyChain.swift in Sources */,
				078566F029C5355900BC1134 /* HorizontalCollectionViewCell.swift in Sources */,
				079902F429C6A04500E26CAB /* PlaceViewController.swift in Sources */,
				078566E129C510BA00BC1134 /* HomeViewController.swift in Sources */,
				078566AB29C3F64E00BC1134 /* SceneDelegate.swift in Sources */,
				07B9A3F829C569B40066A02B /* VerticalTableViewCell.swift in Sources */,
			);
			runOnlyForDeploymentPostprocessing = 0;
		};
/* End PBXSourcesBuildPhase section */

/* Begin PBXVariantGroup section */
		078566AE29C3F64E00BC1134 /* Main.storyboard */ = {
			isa = PBXVariantGroup;
			children = (
				078566AF29C3F64E00BC1134 /* Base */,
			);
			name = Main.storyboard;
			sourceTree = "<group>";
		};
		078566B629C3F64F00BC1134 /* LaunchScreen.storyboard */ = {
			isa = PBXVariantGroup;
			children = (
				078566B729C3F64F00BC1134 /* Base */,
			);
			name = LaunchScreen.storyboard;
			sourceTree = "<group>";
		};
/* End PBXVariantGroup section */

/* Begin XCBuildConfiguration section */
		078566BA29C3F64F00BC1134 /* Debug */ = {
			isa = XCBuildConfiguration;
			buildSettings = {
				ALWAYS_SEARCH_USER_PATHS = NO;
				CLANG_ANALYZER_NONNULL = YES;
				CLANG_ANALYZER_NUMBER_OBJECT_CONVERSION = YES_AGGRESSIVE;
				CLANG_CXX_LANGUAGE_STANDARD = "gnu++20";
				CLANG_ENABLE_MODULES = YES;
				CLANG_ENABLE_OBJC_ARC = YES;
				CLANG_ENABLE_OBJC_WEAK = YES;
				CLANG_WARN_BLOCK_CAPTURE_AUTORELEASING = YES;
				CLANG_WARN_BOOL_CONVERSION = YES;
				CLANG_WARN_COMMA = YES;
				CLANG_WARN_CONSTANT_CONVERSION = YES;
				CLANG_WARN_DEPRECATED_OBJC_IMPLEMENTATIONS = YES;
				CLANG_WARN_DIRECT_OBJC_ISA_USAGE = YES_ERROR;
				CLANG_WARN_DOCUMENTATION_COMMENTS = YES;
				CLANG_WARN_EMPTY_BODY = YES;
				CLANG_WARN_ENUM_CONVERSION = YES;
				CLANG_WARN_INFINITE_RECURSION = YES;
				CLANG_WARN_INT_CONVERSION = YES;
				CLANG_WARN_NON_LITERAL_NULL_CONVERSION = YES;
				CLANG_WARN_OBJC_IMPLICIT_RETAIN_SELF = YES;
				CLANG_WARN_OBJC_LITERAL_CONVERSION = YES;
				CLANG_WARN_OBJC_ROOT_CLASS = YES_ERROR;
				CLANG_WARN_QUOTED_INCLUDE_IN_FRAMEWORK_HEADER = YES;
				CLANG_WARN_RANGE_LOOP_ANALYSIS = YES;
				CLANG_WARN_STRICT_PROTOTYPES = YES;
				CLANG_WARN_SUSPICIOUS_MOVE = YES;
				CLANG_WARN_UNGUARDED_AVAILABILITY = YES_AGGRESSIVE;
				CLANG_WARN_UNREACHABLE_CODE = YES;
				CLANG_WARN__DUPLICATE_METHOD_MATCH = YES;
				COPY_PHASE_STRIP = NO;
				DEBUG_INFORMATION_FORMAT = dwarf;
				ENABLE_STRICT_OBJC_MSGSEND = YES;
				ENABLE_TESTABILITY = YES;
				GCC_C_LANGUAGE_STANDARD = gnu11;
				GCC_DYNAMIC_NO_PIC = NO;
				GCC_NO_COMMON_BLOCKS = YES;
				GCC_OPTIMIZATION_LEVEL = 0;
				GCC_PREPROCESSOR_DEFINITIONS = (
					"DEBUG=1",
					"$(inherited)",
				);
				GCC_WARN_64_TO_32_BIT_CONVERSION = YES;
				GCC_WARN_ABOUT_RETURN_TYPE = YES_ERROR;
				GCC_WARN_UNDECLARED_SELECTOR = YES;
				GCC_WARN_UNINITIALIZED_AUTOS = YES_AGGRESSIVE;
				GCC_WARN_UNUSED_FUNCTION = YES;
				GCC_WARN_UNUSED_VARIABLE = YES;
				IPHONEOS_DEPLOYMENT_TARGET = 16.2;
				MTL_ENABLE_DEBUG_INFO = INCLUDE_SOURCE;
				MTL_FAST_MATH = YES;
				ONLY_ACTIVE_ARCH = YES;
				SDKROOT = iphoneos;
				SWIFT_ACTIVE_COMPILATION_CONDITIONS = DEBUG;
				SWIFT_OPTIMIZATION_LEVEL = "-Onone";
			};
			name = Debug;
		};
		078566BB29C3F64F00BC1134 /* Release */ = {
			isa = XCBuildConfiguration;
			buildSettings = {
				ALWAYS_SEARCH_USER_PATHS = NO;
				CLANG_ANALYZER_NONNULL = YES;
				CLANG_ANALYZER_NUMBER_OBJECT_CONVERSION = YES_AGGRESSIVE;
				CLANG_CXX_LANGUAGE_STANDARD = "gnu++20";
				CLANG_ENABLE_MODULES = YES;
				CLANG_ENABLE_OBJC_ARC = YES;
				CLANG_ENABLE_OBJC_WEAK = YES;
				CLANG_WARN_BLOCK_CAPTURE_AUTORELEASING = YES;
				CLANG_WARN_BOOL_CONVERSION = YES;
				CLANG_WARN_COMMA = YES;
				CLANG_WARN_CONSTANT_CONVERSION = YES;
				CLANG_WARN_DEPRECATED_OBJC_IMPLEMENTATIONS = YES;
				CLANG_WARN_DIRECT_OBJC_ISA_USAGE = YES_ERROR;
				CLANG_WARN_DOCUMENTATION_COMMENTS = YES;
				CLANG_WARN_EMPTY_BODY = YES;
				CLANG_WARN_ENUM_CONVERSION = YES;
				CLANG_WARN_INFINITE_RECURSION = YES;
				CLANG_WARN_INT_CONVERSION = YES;
				CLANG_WARN_NON_LITERAL_NULL_CONVERSION = YES;
				CLANG_WARN_OBJC_IMPLICIT_RETAIN_SELF = YES;
				CLANG_WARN_OBJC_LITERAL_CONVERSION = YES;
				CLANG_WARN_OBJC_ROOT_CLASS = YES_ERROR;
				CLANG_WARN_QUOTED_INCLUDE_IN_FRAMEWORK_HEADER = YES;
				CLANG_WARN_RANGE_LOOP_ANALYSIS = YES;
				CLANG_WARN_STRICT_PROTOTYPES = YES;
				CLANG_WARN_SUSPICIOUS_MOVE = YES;
				CLANG_WARN_UNGUARDED_AVAILABILITY = YES_AGGRESSIVE;
				CLANG_WARN_UNREACHABLE_CODE = YES;
				CLANG_WARN__DUPLICATE_METHOD_MATCH = YES;
				COPY_PHASE_STRIP = NO;
				DEBUG_INFORMATION_FORMAT = "dwarf-with-dsym";
				ENABLE_NS_ASSERTIONS = NO;
				ENABLE_STRICT_OBJC_MSGSEND = YES;
				GCC_C_LANGUAGE_STANDARD = gnu11;
				GCC_NO_COMMON_BLOCKS = YES;
				GCC_WARN_64_TO_32_BIT_CONVERSION = YES;
				GCC_WARN_ABOUT_RETURN_TYPE = YES_ERROR;
				GCC_WARN_UNDECLARED_SELECTOR = YES;
				GCC_WARN_UNINITIALIZED_AUTOS = YES_AGGRESSIVE;
				GCC_WARN_UNUSED_FUNCTION = YES;
				GCC_WARN_UNUSED_VARIABLE = YES;
				IPHONEOS_DEPLOYMENT_TARGET = 16.2;
				MTL_ENABLE_DEBUG_INFO = NO;
				MTL_FAST_MATH = YES;
				SDKROOT = iphoneos;
				SWIFT_COMPILATION_MODE = wholemodule;
				SWIFT_OPTIMIZATION_LEVEL = "-O";
				VALIDATE_PRODUCT = YES;
			};
			name = Release;
		};
		078566BD29C3F64F00BC1134 /* Debug */ = {
			isa = XCBuildConfiguration;
			buildSettings = {
				ASSETCATALOG_COMPILER_APPICON_NAME = AppIcon;
				ASSETCATALOG_COMPILER_GLOBAL_ACCENT_COLOR_NAME = AccentColor;
				CODE_SIGN_STYLE = Automatic;
				CURRENT_PROJECT_VERSION = 1;
				DEVELOPMENT_TEAM = U6D3L34V7W;
				GENERATE_INFOPLIST_FILE = YES;
				INFOPLIST_FILE = Viajerum/Info.plist;
				INFOPLIST_KEY_NSLocationAlwaysAndWhenInUseUsageDescription = "Para mostrarte los lugares cercanos y recomendados";
				INFOPLIST_KEY_NSLocationWhenInUseUsageDescription = "Para mostrarte los lugares cercanos y recomendados";
				INFOPLIST_KEY_UIApplicationSupportsIndirectInputEvents = YES;
				INFOPLIST_KEY_UILaunchStoryboardName = LaunchScreen;
				INFOPLIST_KEY_UIMainStoryboardFile = Main;
				INFOPLIST_KEY_UISupportedInterfaceOrientations = UIInterfaceOrientationPortrait;
				IPHONEOS_DEPLOYMENT_TARGET = 15.0;
				LD_RUNPATH_SEARCH_PATHS = (
					"$(inherited)",
					"@executable_path/Frameworks",
				);
				MARKETING_VERSION = 1.0;
				PRODUCT_BUNDLE_IDENTIFIER = valdes.carlos.Viajerum;
				PRODUCT_NAME = "$(TARGET_NAME)";
				SWIFT_EMIT_LOC_STRINGS = YES;
				SWIFT_VERSION = 5.0;
				TARGETED_DEVICE_FAMILY = "1,2";
			};
			name = Debug;
		};
		078566BE29C3F64F00BC1134 /* Release */ = {
			isa = XCBuildConfiguration;
			buildSettings = {
				ASSETCATALOG_COMPILER_APPICON_NAME = AppIcon;
				ASSETCATALOG_COMPILER_GLOBAL_ACCENT_COLOR_NAME = AccentColor;
				CODE_SIGN_STYLE = Automatic;
				CURRENT_PROJECT_VERSION = 1;
				DEVELOPMENT_TEAM = U6D3L34V7W;
				GENERATE_INFOPLIST_FILE = YES;
				INFOPLIST_FILE = Viajerum/Info.plist;
				INFOPLIST_KEY_NSLocationAlwaysAndWhenInUseUsageDescription = "Para mostrarte los lugares cercanos y recomendados";
				INFOPLIST_KEY_NSLocationWhenInUseUsageDescription = "Para mostrarte los lugares cercanos y recomendados";
				INFOPLIST_KEY_UIApplicationSupportsIndirectInputEvents = YES;
				INFOPLIST_KEY_UILaunchStoryboardName = LaunchScreen;
				INFOPLIST_KEY_UIMainStoryboardFile = Main;
				INFOPLIST_KEY_UISupportedInterfaceOrientations = UIInterfaceOrientationPortrait;
				IPHONEOS_DEPLOYMENT_TARGET = 15.0;
				LD_RUNPATH_SEARCH_PATHS = (
					"$(inherited)",
					"@executable_path/Frameworks",
				);
				MARKETING_VERSION = 1.0;
				PRODUCT_BUNDLE_IDENTIFIER = valdes.carlos.Viajerum;
				PRODUCT_NAME = "$(TARGET_NAME)";
				SWIFT_EMIT_LOC_STRINGS = YES;
				SWIFT_VERSION = 5.0;
				TARGETED_DEVICE_FAMILY = "1,2";
			};
			name = Release;
		};
/* End XCBuildConfiguration section */

/* Begin XCConfigurationList section */
		078566A029C3F64E00BC1134 /* Build configuration list for PBXProject "Viajerum" */ = {
			isa = XCConfigurationList;
			buildConfigurations = (
				078566BA29C3F64F00BC1134 /* Debug */,
				078566BB29C3F64F00BC1134 /* Release */,
			);
			defaultConfigurationIsVisible = 0;
			defaultConfigurationName = Release;
		};
		078566BC29C3F64F00BC1134 /* Build configuration list for PBXNativeTarget "Viajerum" */ = {
			isa = XCConfigurationList;
			buildConfigurations = (
				078566BD29C3F64F00BC1134 /* Debug */,
				078566BE29C3F64F00BC1134 /* Release */,
			);
			defaultConfigurationIsVisible = 0;
			defaultConfigurationName = Release;
		};
/* End XCConfigurationList section */

/* Begin XCRemoteSwiftPackageReference section */
		07F3741729CA1D11008D0342 /* XCRemoteSwiftPackageReference "Cosmos" */ = {
			isa = XCRemoteSwiftPackageReference;
			repositoryURL = "https://github.com/evgenyneu/Cosmos";
			requirement = {
				branch = master;
				kind = branch;
			};
		};
/* End XCRemoteSwiftPackageReference section */

/* Begin XCSwiftPackageProductDependency section */
		07F3741829CA1D11008D0342 /* Cosmos */ = {
			isa = XCSwiftPackageProductDependency;
			package = 07F3741729CA1D11008D0342 /* XCRemoteSwiftPackageReference "Cosmos" */;
			productName = Cosmos;
		};
/* End XCSwiftPackageProductDependency section */

/* Begin XCVersionGroup section */
		078566B129C3F64E00BC1134 /* Viajerum.xcdatamodeld */ = {
			isa = XCVersionGroup;
			children = (
				078566B229C3F64E00BC1134 /* Viajerum.xcdatamodel */,
			);
			currentVersion = 078566B229C3F64E00BC1134 /* Viajerum.xcdatamodel */;
			path = Viajerum.xcdatamodeld;
			sourceTree = "<group>";
			versionGroupType = wrapper.xcdatamodel;
		};
/* End XCVersionGroup section */
	};
	rootObject = 0785669D29C3F64E00BC1134 /* Project object */;
}
